
Microsoft Visual Studio Solution File, Format Version 12.00
# Visual Studio Version 17
VisualStudioVersion = 17.4.33213.308
MinimumVisualStudioVersion = 10.0.40219.1
Project("{FAE04EC0-301F-11D3-BF4B-00C04F79EFBC}") = "SummatorTests", "SummatorTests\SummatorTests.csproj", "{19E0084B-6D18-49C4-A372-B32F6123E679}"
EndProject
Project("{FAE04EC0-301F-11D3-BF4B-00C04F79EFBC}") = "Summator", "Summator\Summator.csproj", "{281F2212-D519-4616-9C85-4D527A23F02E}"
EndProject
Global
	GlobalSection(SolutionConfigurationPlatforms) = preSolution
		Debug|Any CPU = Debug|Any CPU
		Release|Any CPU = Release|Any CPU
	EndGlobalSection
	GlobalSection(ProjectConfigurationPlatforms) = postSolution
		{19E0084B-6D18-49C4-A372-B32F6123E679}.Debug|Any CPU.ActiveCfg = Debug|Any CPU
		{19E0084B-6D18-49C4-A372-B32F6123E679}.Debug|Any CPU.Build.0 = Debug|Any CPU
		{19E0084B-6D18-49C4-A372-B32F6123E679}.Release|Any CPU.ActiveCfg = Release|Any CPU
		{19E0084B-6D18-49C4-A372-B32F6123E679}.Release|Any CPU.Build.0 = Release|Any CPU
		{281F2212-D519-4616-9C85-4D527A23F02E}.Debug|Any CPU.ActiveCfg = Debug|Any CPU
		{281F2212-D519-4616-9C85-4D527A23F02E}.Debug|Any CPU.Build.0 = Debug|Any CPU
		{281F2212-D519-4616-9C85-4D527A23F02E}.Release|Any CPU.ActiveCfg = Release|Any CPU
		{281F2212-D519-4616-9C85-4D527A23F02E}.Release|Any CPU.Build.0 = Release|Any CPU
	EndGlobalSection
	GlobalSection(SolutionProperties) = preSolution
		HideSolutionNode = FALSE
	EndGlobalSection
	GlobalSection(ExtensibilityGlobals) = postSolution
		SolutionGuid = {E5211FC3-1539-4BDC-BFCB-B27A36FB7A82}
	EndGlobalSection
EndGlobal
